{
  "name": "Scraping",
  "version": "1.0.0",
  "lockfileVersion": 2,
  "requires": true,
  "packages": {
    "": {
      "name": "Scraping",
      "version": "1.0.0",
      "dependencies": {
        "lda": "^0.2.0"
      }
    },
    "node_modules/lda": {
      "version": "0.2.0",
      "resolved": "https://registry.npmjs.org/lda/-/lda-0.2.0.tgz",
      "integrity": "sha1-BNxOICLXHl5NF4ilSPGq2dskHnU=",
      "dependencies": {
        "stem-porter": "*"
      },
      "engines": {
        "node": ">= 0.8.x"
      }
    },
    "node_modules/stem-porter": {
      "version": "0.0.1",
      "resolved": "https://registry.npmjs.org/stem-porter/-/stem-porter-0.0.1.tgz",
      "integrity": "sha1-WRqLDWlsNCUq9ZNTUihDCjTecAE=",
      "engines": {
        "node": ">=0.6"
      }
    }
  },
  "dependencies": {
    "lda": {
      "version": "0.2.0",
      "resolved": "https://registry.npmjs.org/lda/-/lda-0.2.0.tgz",
      "integrity": "sha1-BNxOICLXHl5NF4ilSPGq2dskHnU=",
      "requires": {
        "stem-porter": "*"
      }
    },
    "stem-porter": {
      "version": "0.0.1",
      "resolved": "https://registry.npmjs.org/stem-porter/-/stem-porter-0.0.1.tgz",
      "integrity": "sha1-WRqLDWlsNCUq9ZNTUihDCjTecAE="
    }
  }
}
